
Microsoft Visual Studio Solution File, Format Version 12.00
# Visual Studio 15
VisualStudioVersion = 15.0.27703.2042
MinimumVisualStudioVersion = 10.0.40219.1
Project("{FAE04EC0-301F-11D3-BF4B-00C04F79EFBC}") = "PracticeReflections", "PracticeReflections\PracticeReflections.csproj", "{D9204069-3569-4649-9D54-878A89678321}"
EndProject
Global
	GlobalSection(SolutionConfigurationPlatforms) = preSolution
		Debug|Any CPU = Debug|Any CPU
		Release|Any CPU = Release|Any CPU
	EndGlobalSection
	GlobalSection(ProjectConfigurationPlatforms) = postSolution
		{D9204069-3569-4649-9D54-878A89678321}.Debug|Any CPU.ActiveCfg = Debug|Any CPU
		{D9204069-3569-4649-9D54-878A89678321}.Debug|Any CPU.Build.0 = Debug|Any CPU
		{D9204069-3569-4649-9D54-878A89678321}.Release|Any CPU.ActiveCfg = Release|Any CPU
		{D9204069-3569-4649-9D54-878A89678321}.Release|Any CPU.Build.0 = Release|Any CPU
	EndGlobalSection
	GlobalSection(SolutionProperties) = preSolution
		HideSolutionNode = FALSE
	EndGlobalSection
	GlobalSection(ExtensibilityGlobals) = postSolution
		SolutionGuid = {A9CDAA32-FD04-4251-99CD-08B92ACB288C}
	EndGlobalSection
EndGlobal
